
Microsoft Visual Studio Solution File, Format Version 12.00
# Visual Studio Version 17
VisualStudioVersion = 17.7.34018.315
MinimumVisualStudioVersion = 10.0.40219.1
Project("{9A19103F-16F7-4668-BE54-9A1E7A4F7556}") = "Core.Persistence", "Core.Persistence\Core.Persistence.csproj", "{CD6A39FB-FD75-464F-B711-418DDCA8B5F2}"
EndProject
Project("{9A19103F-16F7-4668-BE54-9A1E7A4F7556}") = "Core.Application", "Core.Application\Core.Application.csproj", "{7FD0DAF1-94DC-4F16-AAF4-2F588EB7918D}"
EndProject
Project("{FAE04EC0-301F-11D3-BF4B-00C04F79EFBC}") = "Core.CrossCuttingConcerns", "Core.CrossCuttingConcerns\Core.CrossCuttingConcerns.csproj", "{2E1987A0-004D-401D-A979-E7CF31CC9A2B}"
EndProject
Global
	GlobalSection(SolutionConfigurationPlatforms) = preSolution
		Debug|Any CPU = Debug|Any CPU
		Release|Any CPU = Release|Any CPU
	EndGlobalSection
	GlobalSection(ProjectConfigurationPlatforms) = postSolution
		{CD6A39FB-FD75-464F-B711-418DDCA8B5F2}.Debug|Any CPU.ActiveCfg = Debug|Any CPU
		{CD6A39FB-FD75-464F-B711-418DDCA8B5F2}.Debug|Any CPU.Build.0 = Debug|Any CPU
		{CD6A39FB-FD75-464F-B711-418DDCA8B5F2}.Release|Any CPU.ActiveCfg = Release|Any CPU
		{CD6A39FB-FD75-464F-B711-418DDCA8B5F2}.Release|Any CPU.Build.0 = Release|Any CPU
		{7FD0DAF1-94DC-4F16-AAF4-2F588EB7918D}.Debug|Any CPU.ActiveCfg = Debug|Any CPU
		{7FD0DAF1-94DC-4F16-AAF4-2F588EB7918D}.Debug|Any CPU.Build.0 = Debug|Any CPU
		{7FD0DAF1-94DC-4F16-AAF4-2F588EB7918D}.Release|Any CPU.ActiveCfg = Release|Any CPU
		{7FD0DAF1-94DC-4F16-AAF4-2F588EB7918D}.Release|Any CPU.Build.0 = Release|Any CPU
		{2E1987A0-004D-401D-A979-E7CF31CC9A2B}.Debug|Any CPU.ActiveCfg = Debug|Any CPU
		{2E1987A0-004D-401D-A979-E7CF31CC9A2B}.Debug|Any CPU.Build.0 = Debug|Any CPU
		{2E1987A0-004D-401D-A979-E7CF31CC9A2B}.Release|Any CPU.ActiveCfg = Release|Any CPU
		{2E1987A0-004D-401D-A979-E7CF31CC9A2B}.Release|Any CPU.Build.0 = Release|Any CPU
	EndGlobalSection
	GlobalSection(SolutionProperties) = preSolution
		HideSolutionNode = FALSE
	EndGlobalSection
	GlobalSection(ExtensibilityGlobals) = postSolution
		SolutionGuid = {8BF6BCB9-9ACB-4731-8E23-7884F5A3CCE0}
	EndGlobalSection
EndGlobal
